
Microsoft Visual Studio Solution File, Format Version 12.00
# Visual Studio Version 16
VisualStudioVersion = 16.0.30907.101
MinimumVisualStudioVersion = 10.0.40219.1
Project("{9A19103F-16F7-4668-BE54-9A1E7A4F7556}") = "DependencyInjectionCore", "DependencyInjectionCore.csproj", "{24037AB1-C9FA-4BAE-9C7D-AC6EC141E59A}"
EndProject
Global
	GlobalSection(SolutionConfigurationPlatforms) = preSolution
		Debug|Any CPU = Debug|Any CPU
		Release|Any CPU = Release|Any CPU
	EndGlobalSection
	GlobalSection(ProjectConfigurationPlatforms) = postSolution
		{24037AB1-C9FA-4BAE-9C7D-AC6EC141E59A}.Debug|Any CPU.ActiveCfg = Debug|Any CPU
		{24037AB1-C9FA-4BAE-9C7D-AC6EC141E59A}.Debug|Any CPU.Build.0 = Debug|Any CPU
		{24037AB1-C9FA-4BAE-9C7D-AC6EC141E59A}.Release|Any CPU.ActiveCfg = Release|Any CPU
		{24037AB1-C9FA-4BAE-9C7D-AC6EC141E59A}.Release|Any CPU.Build.0 = Release|Any CPU
	EndGlobalSection
	GlobalSection(SolutionProperties) = preSolution
		HideSolutionNode = FALSE
	EndGlobalSection
	GlobalSection(ExtensibilityGlobals) = postSolution
		SolutionGuid = {96892FC2-E29C-4F5A-ADDA-68C613904FB6}
	EndGlobalSection
EndGlobal
